
Microsoft Visual Studio Solution File, Format Version 12.00
# Visual Studio Version 16
VisualStudioVersion = 16.0.30011.22
MinimumVisualStudioVersion = 10.0.40219.1
Project("{9A19103F-16F7-4668-BE54-9A1E7A4F7556}") = "WebDriverBasics", "WebDriverBasics.csproj", "{11693E95-42C6-4849-B5AD-25D22AF7F683}"
EndProject
Global
	GlobalSection(SolutionConfigurationPlatforms) = preSolution
		Debug|Any CPU = Debug|Any CPU
		Release|Any CPU = Release|Any CPU
	EndGlobalSection
	GlobalSection(ProjectConfigurationPlatforms) = postSolution
		{11693E95-42C6-4849-B5AD-25D22AF7F683}.Debug|Any CPU.ActiveCfg = Debug|Any CPU
		{11693E95-42C6-4849-B5AD-25D22AF7F683}.Debug|Any CPU.Build.0 = Debug|Any CPU
		{11693E95-42C6-4849-B5AD-25D22AF7F683}.Release|Any CPU.ActiveCfg = Release|Any CPU
		{11693E95-42C6-4849-B5AD-25D22AF7F683}.Release|Any CPU.Build.0 = Release|Any CPU
	EndGlobalSection
	GlobalSection(SolutionProperties) = preSolution
		HideSolutionNode = FALSE
	EndGlobalSection
	GlobalSection(ExtensibilityGlobals) = postSolution
		SolutionGuid = {3845B2C9-A714-462A-BE04-ECB90B2225F9}
	EndGlobalSection
EndGlobal
